// !$*UTF8*$!
{
	archiveVersion = 1;
	classes = {
	};
	objectVersion = 46;
	objects = {

/* Begin PBXBuildFile section */
		E16554E115CFBB440030A860 /* UIKit.framework in Frameworks */ = {isa = PBXBuildFile; fileRef = E16554E015CFBB440030A860 /* UIKit.framework */; };
		E16554E315CFBB440030A860 /* Foundation.framework in Frameworks */ = {isa = PBXBuildFile; fileRef = E16554E215CFBB440030A860 /* Foundation.framework */; };
		E16554E515CFBB440030A860 /* CoreGraphics.framework in Frameworks */ = {isa = PBXBuildFile; fileRef = E16554E415CFBB440030A860 /* CoreGraphics.framework */; };
		E16554EB15CFBB440030A860 /* InfoPlist.strings in Resources */ = {isa = PBXBuildFile; fileRef = E16554E915CFBB440030A860 /* InfoPlist.strings */; };
		E16554ED15CFBB440030A860 /* main.m in Sources */ = {isa = PBXBuildFile; fileRef = E16554EC15CFBB440030A860 /* main.m */; };
		E16554F115CFBB440030A860 /* AppDelegate.m in Sources */ = {isa = PBXBuildFile; fileRef = E16554F015CFBB440030A860 /* AppDelegate.m */; };
		E16554F415CFBB440030A860 /* ViewController.m in Sources */ = {isa = PBXBuildFile; fileRef = E16554F315CFBB440030A860 /* ViewController.m */; };
		E16554F715CFBB440030A860 /* ViewController_iPhone.xib in Resources */ = {isa = PBXBuildFile; fileRef = E16554F515CFBB440030A860 /* ViewController_iPhone.xib */; };
		E16554FA15CFBB440030A860 /* ViewController_iPad.xib in Resources */ = {isa = PBXBuildFile; fileRef = E16554F815CFBB440030A860 /* ViewController_iPad.xib */; };
		E507A29F15CFD61C00D1B95D /* README in Resources */ = {isa = PBXBuildFile; fileRef = E507A29E15CFD61C00D1B95D /* README */; };
/* End PBXBuildFile section */

/* Begin PBXFileReference section */
		E16554DC15CFBB430030A860 /* hoge.app */ = {isa = PBXFileReference; explicitFileType = wrapper.application; includeInIndex = 0; path = hoge.app; sourceTree = BUILT_PRODUCTS_DIR; };
		E16554E015CFBB440030A860 /* UIKit.framework */ = {isa = PBXFileReference; lastKnownFileType = wrapper.framework; name = UIKit.framework; path = System/Library/Frameworks/UIKit.framework; sourceTree = SDKROOT; };
		E16554E215CFBB440030A860 /* Foundation.framework */ = {isa = PBXFileReference; lastKnownFileType = wrapper.framework; name = Foundation.framework; path = System/Library/Frameworks/Foundation.framework; sourceTree = SDKROOT; };
		E16554E415CFBB440030A860 /* CoreGraphics.framework */ = {isa = PBXFileReference; lastKnownFileType = wrapper.framework; name = CoreGraphics.framework; path = System/Library/Frameworks/CoreGraphics.framework; sourceTree = SDKROOT; };
		E16554E815CFBB440030A860 /* hoge-Info.plist */ = {isa = PBXFileReference; lastKnownFileType = text.plist.xml; path = "hoge-Info.plist"; sourceTree = "<group>"; };
		E16554EA15CFBB440030A860 /* en */ = {isa = PBXFileReference; lastKnownFileType = text.plist.strings; name = en; path = en.lproj/InfoPlist.strings; sourceTree = "<group>"; };
		E16554EC15CFBB440030A860 /* main.m */ = {isa = PBXFileReference; lastKnownFileType = sourcecode.c.objc; path = main.m; sourceTree = "<group>"; };
		E16554EE15CFBB440030A860 /* hoge-Prefix.pch */ = {isa = PBXFileReference; lastKnownFileType = sourcecode.c.h; path = "hoge-Prefix.pch"; sourceTree = "<group>"; };
		E16554EF15CFBB440030A860 /* AppDelegate.h */ = {isa = PBXFileReference; lastKnownFileType = sourcecode.c.h; path = AppDelegate.h; sourceTree = "<group>"; };
		E16554F015CFBB440030A860 /* AppDelegate.m */ = {isa = PBXFileReference; lastKnownFileType = sourcecode.c.objc; path = AppDelegate.m; sourceTree = "<group>"; };
		E16554F215CFBB440030A860 /* ViewController.h */ = {isa = PBXFileReference; lastKnownFileType = sourcecode.c.h; path = ViewController.h; sourceTree = "<group>"; };
		E16554F315CFBB440030A860 /* ViewController.m */ = {isa = PBXFileReference; lastKnownFileType = sourcecode.c.objc; path = ViewController.m; sourceTree = "<group>"; };
		E16554F615CFBB440030A860 /* en */ = {isa = PBXFileReference; lastKnownFileType = file.xib; name = en; path = en.lproj/ViewController_iPhone.xib; sourceTree = "<group>"; };
		E16554F915CFBB440030A860 /* en */ = {isa = PBXFileReference; lastKnownFileType = file.xib; name = en; path = en.lproj/ViewController_iPad.xib; sourceTree = "<group>"; };
		E507A29E15CFD61C00D1B95D /* README */ = {isa = PBXFileReference; fileEncoding = 4; lastKnownFileType = text; path = README; sourceTree = "<group>"; };
/* End PBXFileReference section */

/* Begin PBXFrameworksBuildPhase section */
		E16554D915CFBB430030A860 /* Frameworks */ = {
			isa = PBXFrameworksBuildPhase;
			buildActionMask = 2147483647;
			files = (
				E16554E115CFBB440030A860 /* UIKit.framework in Frameworks */,
				E16554E315CFBB440030A860 /* Foundation.framework in Frameworks */,
				E16554E515CFBB440030A860 /* CoreGraphics.framework in Frameworks */,
			);
			runOnlyForDeploymentPostprocessing = 0;
		};
/* End PBXFrameworksBuildPhase section */

/* Begin PBXGroup section */
		E16554D115CFBB430030A860 = {
			isa = PBXGroup;
			children = (
				E507A29E15CFD61C00D1B95D /* README */,
				E16554E615CFBB440030A860 /* hoge */,
				E16554DF15CFBB430030A860 /* Frameworks */,
				E16554DD15CFBB430030A860 /* Products */,
			);
			sourceTree = "<group>";
		};
		E16554DD15CFBB430030A860 /* Products */ = {
			isa = PBXGroup;
			children = (
				E16554DC15CFBB430030A860 /* hoge.app */,
			);
			name = Products;
			sourceTree = "<group>";
		};
		E16554DF15CFBB430030A860 /* Frameworks */ = {
			isa = PBXGroup;
			children = (
				E16554E015CFBB440030A860 /* UIKit.framework */,
				E16554E215CFBB440030A860 /* Foundation.framework */,
				E16554E415CFBB440030A860 /* CoreGraphics.framework */,
			);
			name = Frameworks;
			sourceTree = "<group>";
		};
		E16554E615CFBB440030A860 /* hoge */ = {
			isa = PBXGroup;
			children = (
				E16554EF15CFBB440030A860 /* AppDelegate.h */,
				E16554F015CFBB440030A860 /* AppDelegate.m */,
				E16554F215CFBB440030A860 /* ViewController.h */,
				E16554F315CFBB440030A860 /* ViewController.m */,
				E16554F515CFBB440030A860 /* ViewController_iPhone.xib */,
				E16554F815CFBB440030A860 /* ViewController_iPad.xib */,
				E16554E715CFBB440030A860 /* Supporting Files */,
			);
			path = hoge;
			sourceTree = "<group>";
		};
		E16554E715CFBB440030A860 /* Supporting Files */ = {
			isa = PBXGroup;
			children = (
				E16554E815CFBB440030A860 /* hoge-Info.plist */,
				E16554E915CFBB440030A860 /* InfoPlist.strings */,
				E16554EC15CFBB440030A860 /* main.m */,
				E16554EE15CFBB440030A860 /* hoge-Prefix.pch */,
			);
			name = "Supporting Files";
			sourceTree = "<group>";
		};
/* End PBXGroup section */

/* Begin PBXNativeTarget section */
		E16554DB15CFBB430030A860 /* hoge */ = {
			isa = PBXNativeTarget;
			buildConfigurationList = E16554FD15CFBB440030A860 /* Build configuration list for PBXNativeTarget "hoge" */;
			buildPhases = (
				E16554D815CFBB430030A860 /* Sources */,
				E16554D915CFBB430030A860 /* Frameworks */,
				E16554DA15CFBB430030A860 /* Resources */,
			);
			buildRules = (
			);
			dependencies = (
			);
			name = hoge;
			productName = hoge;
			productReference = E16554DC15CFBB430030A860 /* hoge.app */;
			productType = "com.apple.product-type.application";
		};
/* End PBXNativeTarget section */

/* Begin PBXProject section */
		E16554D315CFBB430030A860 /* Project object */ = {
			isa = PBXProject;
			attributes = {
				LastUpgradeCheck = 0440;
				ORGANIZATIONNAME = "Takumi Matsunami";
			};
			buildConfigurationList = E16554D615CFBB430030A860 /* Build configuration list for PBXProject "hoge" */;
			compatibilityVersion = "Xcode 3.2";
			developmentRegion = English;
			hasScannedForEncodings = 0;
			knownRegions = (
				en,
			);
			mainGroup = E16554D115CFBB430030A860;
			productRefGroup = E16554DD15CFBB430030A860 /* Products */;
			projectDirPath = "";
			projectRoot = "";
			targets = (
				E16554DB15CFBB430030A860 /* hoge */,
			);
		};
/* End PBXProject section */

/* Begin PBXResourcesBuildPhase section */
		E16554DA15CFBB430030A860 /* Resources */ = {
			isa = PBXResourcesBuildPhase;
			buildActionMask = 2147483647;
			files = (
				E16554EB15CFBB440030A860 /* InfoPlist.strings in Resources */,
				E16554F715CFBB440030A860 /* ViewController_iPhone.xib in Resources */,
				E16554FA15CFBB440030A860 /* ViewController_iPad.xib in Resources */,
				E507A29F15CFD61C00D1B95D /* README in Resources */,
			);
			runOnlyForDeploymentPostprocessing = 0;
		};
/* End PBXResourcesBuildPhase section */

/* Begin PBXSourcesBuildPhase section */
		E16554D815CFBB430030A860 /* Sources */ = {
			isa = PBXSourcesBuildPhase;
			buildActionMask = 2147483647;
			files = (
				E16554ED15CFBB440030A860 /* main.m in Sources */,
				E16554F115CFBB440030A860 /* AppDelegate.m in Sources */,
				E16554F415CFBB440030A860 /* ViewController.m in Sources */,
			);
			runOnlyForDeploymentPostprocessing = 0;
		};
/* End PBXSourcesBuildPhase section */

/* Begin PBXVariantGroup section */
		E16554E915CFBB440030A860 /* InfoPlist.strings */ = {
			isa = PBXVariantGroup;
			children = (
				E16554EA15CFBB440030A860 /* en */,
			);
			name = InfoPlist.strings;
			sourceTree = "<group>";
		};
		E16554F515CFBB440030A860 /* ViewController_iPhone.xib */ = {
			isa = PBXVariantGroup;
			children = (
				E16554F615CFBB440030A860 /* en */,
			);
			name = ViewController_iPhone.xib;
			sourceTree = "<group>";
		};
		E16554F815CFBB440030A860 /* ViewController_iPad.xib */ = {
			isa = PBXVariantGroup;
			children = (
				E16554F915CFBB440030A860 /* en */,
			);
			name = ViewController_iPad.xib;
			sourceTree = "<group>";
		};
/* End PBXVariantGroup section */

/* Begin XCBuildConfiguration section */
		E16554FB15CFBB440030A860 /* Debug */ = {
			isa = XCBuildConfiguration;
			buildSettings = {
				ALWAYS_SEARCH_USER_PATHS = NO;
				ARCHS = "$(ARCHS_STANDARD_32_BIT)";
				CLANG_CXX_LANGUAGE_STANDARD = "gnu++0x";
				CLANG_WARN__DUPLICATE_METHOD_MATCH = YES;
				"CODE_SIGN_IDENTITY[sdk=iphoneos*]" = "iPhone Developer";
				COPY_PHASE_STRIP = NO;
				GCC_C_LANGUAGE_STANDARD = gnu99;
				GCC_DYNAMIC_NO_PIC = NO;
				GCC_OPTIMIZATION_LEVEL = 0;
				GCC_PREPROCESSOR_DEFINITIONS = (
					"DEBUG=1",
					"$(inherited)",
				);
				GCC_SYMBOLS_PRIVATE_EXTERN = NO;
				GCC_VERSION = com.apple.compilers.llvm.clang.1_0;
				GCC_WARN_ABOUT_RETURN_TYPE = YES;
				GCC_WARN_UNINITIALIZED_AUTOS = YES;
				GCC_WARN_UNUSED_VARIABLE = YES;
				IPHONEOS_DEPLOYMENT_TARGET = 5.1;
				SDKROOT = iphoneos;
				TARGETED_DEVICE_FAMILY = "1,2";
			};
			name = Debug;
		};
		E16554FC15CFBB440030A860 /* Release */ = {
			isa = XCBuildConfiguration;
			buildSettings = {
				ALWAYS_SEARCH_USER_PATHS = NO;
				ARCHS = "$(ARCHS_STANDARD_32_BIT)";
				CLANG_CXX_LANGUAGE_STANDARD = "gnu++0x";
				CLANG_WARN__DUPLICATE_METHOD_MATCH = YES;
				"CODE_SIGN_IDENTITY[sdk=iphoneos*]" = "iPhone Developer";
				COPY_PHASE_STRIP = YES;
				GCC_C_LANGUAGE_STANDARD = gnu99;
				GCC_VERSION = com.apple.compilers.llvm.clang.1_0;
				GCC_WARN_ABOUT_RETURN_TYPE = YES;
				GCC_WARN_UNINITIALIZED_AUTOS = YES;
				GCC_WARN_UNUSED_VARIABLE = YES;
				IPHONEOS_DEPLOYMENT_TARGET = 5.1;
				OTHER_CFLAGS = "-DNS_BLOCK_ASSERTIONS=1";
				SDKROOT = iphoneos;
				TARGETED_DEVICE_FAMILY = "1,2";
				VALIDATE_PRODUCT = YES;
			};
			name = Release;
		};
		E16554FE15CFBB440030A860 /* Debug */ = {
			isa = XCBuildConfiguration;
			buildSettings = {
				CODE_SIGN_IDENTITY = "iPhone Developer: Takayuki Tominaga (Y5996EJT65)";
				"CODE_SIGN_IDENTITY[sdk=iphoneos*]" = "iPhone Developer: Takayuki Tominaga (Y5996EJT65)";
				GCC_PRECOMPILE_PREFIX_HEADER = YES;
				GCC_PREFIX_HEADER = "hoge/hoge-Prefix.pch";
				INFOPLIST_FILE = "hoge/hoge-Info.plist";
				PRODUCT_NAME = "$(TARGET_NAME)";
				PROVISIONING_PROFILE = "7ED711A0-8340-469C-BC8E-B163931CA3CD";
				"PROVISIONING_PROFILE[sdk=iphoneos*]" = "7ED711A0-8340-469C-BC8E-B163931CA3CD";
				WRAPPER_EXTENSION = app;
			};
			name = Debug;
		};
		E16554FF15CFBB440030A860 /* Release */ = {
			isa = XCBuildConfiguration;
			buildSettings = {
				CODE_SIGN_IDENTITY = "iPhone Developer: Takayuki Tominaga (Y5996EJT65)";
				"CODE_SIGN_IDENTITY[sdk=iphoneos*]" = "iPhone Developer: Takayuki Tominaga (Y5996EJT65)";
				GCC_PRECOMPILE_PREFIX_HEADER = YES;
				GCC_PREFIX_HEADER = "hoge/hoge-Prefix.pch";
				INFOPLIST_FILE = "hoge/hoge-Info.plist";
				PRODUCT_NAME = "$(TARGET_NAME)";
				PROVISIONING_PROFILE = "7ED711A0-8340-469C-BC8E-B163931CA3CD";
				"PROVISIONING_PROFILE[sdk=iphoneos*]" = "7ED711A0-8340-469C-BC8E-B163931CA3CD";
				WRAPPER_EXTENSION = app;
			};
			name = Release;
		};
/* End XCBuildConfiguration section */

/* Begin XCConfigurationList section */
		E16554D615CFBB430030A860 /* Build configuration list for PBXProject "hoge" */ = {
			isa = XCConfigurationList;
			buildConfigurations = (
				E16554FB15CFBB440030A860 /* Debug */,
				E16554FC15CFBB440030A860 /* Release */,
			);
			defaultConfigurationIsVisible = 0;
			defaultConfigurationName = Release;
		};
		E16554FD15CFBB440030A860 /* Build configuration list for PBXNativeTarget "hoge" */ = {
			isa = XCConfigurationList;
			buildConfigurations = (
				E16554FE15CFBB440030A860 /* Debug */,
				E16554FF15CFBB440030A860 /* Release */,
			);
			defaultConfigurationIsVisible = 0;
			defaultConfigurationName = Release;
		};
/* End XCConfigurationList section */
	};
	rootObject = E16554D315CFBB430030A860 /* Project object */;
}
